
Microsoft Visual Studio Solution File, Format Version 12.00
# Visual Studio Version 17
VisualStudioVersion = 17.5.002.0
MinimumVisualStudioVersion = 10.0.40219.1
Project("{9A19103F-16F7-4668-BE54-9A1E7A4F7556}") = "MathOperationsApp", "MathOperationsApp\MathOperationsApp.csproj", "{A057C0BD-0325-43EC-A286-967F289D60A3}"
EndProject
Global
	GlobalSection(SolutionConfigurationPlatforms) = preSolution
		Debug|Any CPU = Debug|Any CPU
		Release|Any CPU = Release|Any CPU
	EndGlobalSection
	GlobalSection(ProjectConfigurationPlatforms) = postSolution
		{A057C0BD-0325-43EC-A286-967F289D60A3}.Debug|Any CPU.ActiveCfg = Debug|Any CPU
		{A057C0BD-0325-43EC-A286-967F289D60A3}.Debug|Any CPU.Build.0 = Debug|Any CPU
		{A057C0BD-0325-43EC-A286-967F289D60A3}.Release|Any CPU.ActiveCfg = Release|Any CPU
		{A057C0BD-0325-43EC-A286-967F289D60A3}.Release|Any CPU.Build.0 = Release|Any CPU
	EndGlobalSection
	GlobalSection(SolutionProperties) = preSolution
		HideSolutionNode = FALSE
	EndGlobalSection
	GlobalSection(ExtensibilityGlobals) = postSolution
		SolutionGuid = {4F3B987B-E0A1-4A1B-AEE9-ED060D19430C}
	EndGlobalSection
EndGlobal
